
Microsoft Visual Studio Solution File, Format Version 12.00
# Visual Studio 15
VisualStudioVersion = 15.0.28307.106
MinimumVisualStudioVersion = 10.0.40219.1
Project("{FAE04EC0-301F-11D3-BF4B-00C04F79EFBC}") = "TechnoFriend", "TechnoFriend\TechnoFriend.csproj", "{A6BE52F2-21FE-4753-BE81-1F332626CC88}"
EndProject
Project("{54435603-DBB4-11D2-8724-00A0C9A8B90C}") = "Setup", "Setup\Setup.vdproj", "{24DA1E12-3967-4A33-99A9-F510C970DAA5}"
EndProject
Global
	GlobalSection(SolutionConfigurationPlatforms) = preSolution
		Debug|Any CPU = Debug|Any CPU
		Release|Any CPU = Release|Any CPU
	EndGlobalSection
	GlobalSection(ProjectConfigurationPlatforms) = postSolution
		{A6BE52F2-21FE-4753-BE81-1F332626CC88}.Debug|Any CPU.ActiveCfg = Debug|Any CPU
		{A6BE52F2-21FE-4753-BE81-1F332626CC88}.Debug|Any CPU.Build.0 = Debug|Any CPU
		{A6BE52F2-21FE-4753-BE81-1F332626CC88}.Release|Any CPU.ActiveCfg = Release|Any CPU
		{A6BE52F2-21FE-4753-BE81-1F332626CC88}.Release|Any CPU.Build.0 = Release|Any CPU
		{24DA1E12-3967-4A33-99A9-F510C970DAA5}.Debug|Any CPU.ActiveCfg = Release
		{24DA1E12-3967-4A33-99A9-F510C970DAA5}.Release|Any CPU.ActiveCfg = Release
	EndGlobalSection
	GlobalSection(SolutionProperties) = preSolution
		HideSolutionNode = FALSE
	EndGlobalSection
	GlobalSection(ExtensibilityGlobals) = postSolution
		SolutionGuid = {DC669C7C-D6B9-49BC-A5FB-90E8E5B1F675}
	EndGlobalSection
EndGlobal
